
Microsoft Visual Studio Solution File, Format Version 12.00
# Visual Studio Version 17
VisualStudioVersion = 17.4.33103.184
MinimumVisualStudioVersion = 10.0.40219.1
Project("{FAE04EC0-301F-11D3-BF4B-00C04F79EFBC}") = "WpfDateImageControlsApp", "WpfDateImageControlsApp\WpfDateImageControlsApp.csproj", "{EDC7DEE0-4D05-4762-BB05-6F11E4428FE5}"
EndProject
Global
	GlobalSection(SolutionConfigurationPlatforms) = preSolution
		Debug|Any CPU = Debug|Any CPU
		Release|Any CPU = Release|Any CPU
	EndGlobalSection
	GlobalSection(ProjectConfigurationPlatforms) = postSolution
		{EDC7DEE0-4D05-4762-BB05-6F11E4428FE5}.Debug|Any CPU.ActiveCfg = Debug|Any CPU
		{EDC7DEE0-4D05-4762-BB05-6F11E4428FE5}.Debug|Any CPU.Build.0 = Debug|Any CPU
		{EDC7DEE0-4D05-4762-BB05-6F11E4428FE5}.Release|Any CPU.ActiveCfg = Release|Any CPU
		{EDC7DEE0-4D05-4762-BB05-6F11E4428FE5}.Release|Any CPU.Build.0 = Release|Any CPU
	EndGlobalSection
	GlobalSection(SolutionProperties) = preSolution
		HideSolutionNode = FALSE
	EndGlobalSection
	GlobalSection(ExtensibilityGlobals) = postSolution
		SolutionGuid = {1A4417DC-2F57-400F-BE3E-FFE3F0DB8221}
	EndGlobalSection
EndGlobal
